dependencies:
- name: t15-camping-ui-chart
  repository: oci://docker.io/cslauritsen
  version: 1.0.5
- name: t15-camping-backend-chart
  repository: oci://docker.io/cslauritsen
  version: 1.0.5
digest: sha256:9c0685de0d17510e6571119c25610f390e5d0c5321cb8e15afa4985410c09ee3
generated: "2025-11-28T21:03:38.745165-05:00"
