dependencies:
- name: t15-camping-ui-chart
  repository: oci://docker.io/cslauritsen
  version: 1.0.6
- name: t15-camping-backend-chart
  repository: oci://docker.io/cslauritsen
  version: 1.0.6
digest: sha256:2282f4cc42bdeaae86b336c687c9f5d09e57e25c376d9b91c0a65e8dc7393e6e
generated: "2025-11-28T21:30:33.360462-05:00"
